
Microsoft Visual Studio Solution File, Format Version 12.00
# Visual Studio 15
VisualStudioVersion = 15.0.27130.2020
MinimumVisualStudioVersion = 10.0.40219.1
Project("{FAE04EC0-301F-11D3-BF4B-00C04F79EFBC}") = "KavaDocsAddin", "KavaDocsAddin\KavaDocsAddin.csproj", "{50BEB3B4-4211-465D-BEC6-3FCDC1050DD4}"
EndProject
Project("{FAE04EC0-301F-11D3-BF4B-00C04F79EFBC}") = "DocHound", "DocHound\DocHound.csproj", "{F7CF7101-6C60-4F3A-8036-CA77351AA2A2}"
EndProject
Project("{FAE04EC0-301F-11D3-BF4B-00C04F79EFBC}") = "KavaDocs.Tests", "KavaDocs.Tests\KavaDocs.Tests.csproj", "{14E6ECBA-EAFC-4233-8E92-8DE15900608D}"
EndProject
Project("{FAE04EC0-301F-11D3-BF4B-00C04F79EFBC}") = "Westwind.TypeImporter", "Westwind.TypeImporter\Westwind.TypeImporter.csproj", "{FCED37A2-D418-4E9C-846A-ABB52EA93954}"
EndProject
Project("{FAE04EC0-301F-11D3-BF4B-00C04F79EFBC}") = "Westwind.TypeParser.Tests", "Westwind.TypeParser.Tests\Westwind.TypeParser.Tests.csproj", "{F6302E31-64F8-4D17-AE8E-8D1657FDD4D9}"
EndProject
Global
	GlobalSection(SolutionConfigurationPlatforms) = preSolution
		Debug|Any CPU = Debug|Any CPU
		Release|Any CPU = Release|Any CPU
	EndGlobalSection
	GlobalSection(ProjectConfigurationPlatforms) = postSolution
		{50BEB3B4-4211-465D-BEC6-3FCDC1050DD4}.Debug|Any CPU.ActiveCfg = Debug|Any CPU
		{50BEB3B4-4211-465D-BEC6-3FCDC1050DD4}.Debug|Any CPU.Build.0 = Debug|Any CPU
		{50BEB3B4-4211-465D-BEC6-3FCDC1050DD4}.Release|Any CPU.ActiveCfg = Release|Any CPU
		{50BEB3B4-4211-465D-BEC6-3FCDC1050DD4}.Release|Any CPU.Build.0 = Release|Any CPU
		{F7CF7101-6C60-4F3A-8036-CA77351AA2A2}.Debug|Any CPU.ActiveCfg = Debug|Any CPU
		{F7CF7101-6C60-4F3A-8036-CA77351AA2A2}.Debug|Any CPU.Build.0 = Debug|Any CPU
		{F7CF7101-6C60-4F3A-8036-CA77351AA2A2}.Release|Any CPU.ActiveCfg = Release|Any CPU
		{F7CF7101-6C60-4F3A-8036-CA77351AA2A2}.Release|Any CPU.Build.0 = Release|Any CPU
		{14E6ECBA-EAFC-4233-8E92-8DE15900608D}.Debug|Any CPU.ActiveCfg = Debug|Any CPU
		{14E6ECBA-EAFC-4233-8E92-8DE15900608D}.Debug|Any CPU.Build.0 = Debug|Any CPU
		{14E6ECBA-EAFC-4233-8E92-8DE15900608D}.Release|Any CPU.ActiveCfg = Release|Any CPU
		{14E6ECBA-EAFC-4233-8E92-8DE15900608D}.Release|Any CPU.Build.0 = Release|Any CPU
		{FCED37A2-D418-4E9C-846A-ABB52EA93954}.Debug|Any CPU.ActiveCfg = Debug|Any CPU
		{FCED37A2-D418-4E9C-846A-ABB52EA93954}.Debug|Any CPU.Build.0 = Debug|Any CPU
		{FCED37A2-D418-4E9C-846A-ABB52EA93954}.Release|Any CPU.ActiveCfg = Release|Any CPU
		{FCED37A2-D418-4E9C-846A-ABB52EA93954}.Release|Any CPU.Build.0 = Release|Any CPU
		{F6302E31-64F8-4D17-AE8E-8D1657FDD4D9}.Debug|Any CPU.ActiveCfg = Debug|Any CPU
		{F6302E31-64F8-4D17-AE8E-8D1657FDD4D9}.Debug|Any CPU.Build.0 = Debug|Any CPU
		{F6302E31-64F8-4D17-AE8E-8D1657FDD4D9}.Release|Any CPU.ActiveCfg = Release|Any CPU
		{F6302E31-64F8-4D17-AE8E-8D1657FDD4D9}.Release|Any CPU.Build.0 = Release|Any CPU
	EndGlobalSection
	GlobalSection(SolutionProperties) = preSolution
		HideSolutionNode = FALSE
	EndGlobalSection
	GlobalSection(ExtensibilityGlobals) = postSolution
		SolutionGuid = {7048FA7C-E2F7-4263-A120-5B2967938962}
	EndGlobalSection
EndGlobal
