Microsoft Visual Studio Solution File, Format Version 12.00
# Visual Studio Version 17
VisualStudioVersion = 17.12.35527.113
MinimumVisualStudioVersion = 10.0.40219.1
Project("{9A19103F-16F7-4668-BE54-9A1E7A4F7556}") = "KavaDocsAddin", "KavaDocsAddin\KavaDocsAddin.csproj", "{50BEB3B4-4211-465D-BEC6-3FCDC1050DD4}"
EndProject
Project("{9A19103F-16F7-4668-BE54-9A1E7A4F7556}") = "DocMonster", "DocHound\DocMonster.csproj", "{F7CF7101-6C60-4F3A-8036-CA77351AA2A2}"
EndProject
Project("{FAE04EC0-301F-11D3-BF4B-00C04F79EFBC}") = "KavaDocs.Tests", "KavaDocs.Tests\KavaDocs.Tests.csproj", "{14E6ECBA-EAFC-4233-8E92-8DE15900608D}"
EndProject
Project("{FAE04EC0-301F-11D3-BF4B-00C04F79EFBC}") = "Westwind.TypeImporter", "..\..\Libraries\Westwind.TypeImporter\Westwind.TypeImporter.csproj", "{4067B194-D1C4-4ED7-9771-C5BF6BB64EBB}"
EndProject
Project("{2150E333-8FDC-42A3-9474-1A3956D46DE8}") = "SupportProjects", "SupportProjects", "{035F0508-FCE5-4F6E-BF42-E33C609F5873}"
EndProject
Project("{FAE04EC0-301F-11D3-BF4B-00C04F79EFBC}") = "MarkdownMonster", "..\..\MarkdownMonsterCode\MarkdownMonster\MarkdownMonster.csproj", "{46308646-0EB0-4455-B127-56B673C4625B}"
EndProject
Project("{FAE04EC0-301F-11D3-BF4B-00C04F79EFBC}") = "Westwind.Scripting", "..\..\Libraries\Westwind.Scripting\Westwind.Scripting\Westwind.Scripting.csproj", "{81A07B0F-2CC1-4B9A-A180-ADFD72C097FA}"
EndProject
Global
	GlobalSection(SolutionConfigurationPlatforms) = preSolution
		Debug|Any CPU = Debug|Any CPU
		Release|Any CPU = Release|Any CPU
	EndGlobalSection
	GlobalSection(ProjectConfigurationPlatforms) = postSolution
		{50BEB3B4-4211-465D-BEC6-3FCDC1050DD4}.Debug|Any CPU.ActiveCfg = Debug|Any CPU
		{50BEB3B4-4211-465D-BEC6-3FCDC1050DD4}.Debug|Any CPU.Build.0 = Debug|Any CPU
		{50BEB3B4-4211-465D-BEC6-3FCDC1050DD4}.Release|Any CPU.ActiveCfg = Release|Any CPU
		{50BEB3B4-4211-465D-BEC6-3FCDC1050DD4}.Release|Any CPU.Build.0 = Release|Any CPU
		{F7CF7101-6C60-4F3A-8036-CA77351AA2A2}.Debug|Any CPU.ActiveCfg = Debug|Any CPU
		{F7CF7101-6C60-4F3A-8036-CA77351AA2A2}.Debug|Any CPU.Build.0 = Debug|Any CPU
		{F7CF7101-6C60-4F3A-8036-CA77351AA2A2}.Release|Any CPU.ActiveCfg = Release|Any CPU
		{F7CF7101-6C60-4F3A-8036-CA77351AA2A2}.Release|Any CPU.Build.0 = Release|Any CPU
		{14E6ECBA-EAFC-4233-8E92-8DE15900608D}.Debug|Any CPU.ActiveCfg = Debug|Any CPU
		{14E6ECBA-EAFC-4233-8E92-8DE15900608D}.Debug|Any CPU.Build.0 = Debug|Any CPU
		{14E6ECBA-EAFC-4233-8E92-8DE15900608D}.Release|Any CPU.ActiveCfg = Release|Any CPU
		{14E6ECBA-EAFC-4233-8E92-8DE15900608D}.Release|Any CPU.Build.0 = Release|Any CPU
		{4067B194-D1C4-4ED7-9771-C5BF6BB64EBB}.Debug|Any CPU.ActiveCfg = Debug|Any CPU
		{4067B194-D1C4-4ED7-9771-C5BF6BB64EBB}.Debug|Any CPU.Build.0 = Debug|Any CPU
		{4067B194-D1C4-4ED7-9771-C5BF6BB64EBB}.Release|Any CPU.ActiveCfg = Release|Any CPU
		{4067B194-D1C4-4ED7-9771-C5BF6BB64EBB}.Release|Any CPU.Build.0 = Release|Any CPU
		{46308646-0EB0-4455-B127-56B673C4625B}.Debug|Any CPU.ActiveCfg = Debug|Any CPU
		{46308646-0EB0-4455-B127-56B673C4625B}.Debug|Any CPU.Build.0 = Debug|Any CPU
		{46308646-0EB0-4455-B127-56B673C4625B}.Release|Any CPU.ActiveCfg = Release|Any CPU
		{46308646-0EB0-4455-B127-56B673C4625B}.Release|Any CPU.Build.0 = Release|Any CPU
		{81A07B0F-2CC1-4B9A-A180-ADFD72C097FA}.Debug|Any CPU.ActiveCfg = Debug|Any CPU
		{81A07B0F-2CC1-4B9A-A180-ADFD72C097FA}.Debug|Any CPU.Build.0 = Debug|Any CPU
		{81A07B0F-2CC1-4B9A-A180-ADFD72C097FA}.Release|Any CPU.ActiveCfg = Release|Any CPU
		{81A07B0F-2CC1-4B9A-A180-ADFD72C097FA}.Release|Any CPU.Build.0 = Release|Any CPU
	EndGlobalSection
	GlobalSection(SolutionProperties) = preSolution
		HideSolutionNode = FALSE
	EndGlobalSection
	GlobalSection(NestedProjects) = preSolution
		{14E6ECBA-EAFC-4233-8E92-8DE15900608D} = {035F0508-FCE5-4F6E-BF42-E33C609F5873}
		{46308646-0EB0-4455-B127-56B673C4625B} = {035F0508-FCE5-4F6E-BF42-E33C609F5873}
		{81A07B0F-2CC1-4B9A-A180-ADFD72C097FA} = {035F0508-FCE5-4F6E-BF42-E33C609F5873}
	EndGlobalSection
	GlobalSection(ExtensibilityGlobals) = postSolution
		SolutionGuid = {7048FA7C-E2F7-4263-A120-5B2967938962}
	EndGlobalSection
EndGlobal
